
Microsoft Visual Studio Solution File, Format Version 12.00
# Visual Studio 15
VisualStudioVersion = 15.0.28307.1062
MinimumVisualStudioVersion = 10.0.40219.1
Project("{FAE04EC0-301F-11D3-BF4B-00C04F79EFBC}") = "BoardApi", "BoardApi\BoardApi.csproj", "{F4419196-14D6-49A3-A33E-31A02899DAAD}"
EndProject
Global
	GlobalSection(SolutionConfigurationPlatforms) = preSolution
		Debug|Any CPU = Debug|Any CPU
		Release|Any CPU = Release|Any CPU
	EndGlobalSection
	GlobalSection(ProjectConfigurationPlatforms) = postSolution
		{F4419196-14D6-49A3-A33E-31A02899DAAD}.Debug|Any CPU.ActiveCfg = Debug|Any CPU
		{F4419196-14D6-49A3-A33E-31A02899DAAD}.Debug|Any CPU.Build.0 = Debug|Any CPU
		{F4419196-14D6-49A3-A33E-31A02899DAAD}.Release|Any CPU.ActiveCfg = Release|Any CPU
		{F4419196-14D6-49A3-A33E-31A02899DAAD}.Release|Any CPU.Build.0 = Release|Any CPU
	EndGlobalSection
	GlobalSection(SolutionProperties) = preSolution
		HideSolutionNode = FALSE
	EndGlobalSection
	GlobalSection(ExtensibilityGlobals) = postSolution
		SolutionGuid = {EAEB3CDD-ABF1-4819-86E0-8F18A38BDD95}
	EndGlobalSection
EndGlobal
